
Microsoft Visual Studio Solution File, Format Version 12.00
# Visual Studio Version 17
VisualStudioVersion = 17.14.36310.24 d17.14
MinimumVisualStudioVersion = 10.0.40219.1
Project("{FAE04EC0-301F-11D3-BF4B-00C04F79EFBC}") = "SistemaVentas", "SistemaVentas.csproj", "{897B285F-9483-4F21-AF4F-6EC8F675E332}"
EndProject
Global
	GlobalSection(SolutionConfigurationPlatforms) = preSolution
		Debug|Any CPU = Debug|Any CPU
		Release|Any CPU = Release|Any CPU
	EndGlobalSection
	GlobalSection(ProjectConfigurationPlatforms) = postSolution
		{897B285F-9483-4F21-AF4F-6EC8F675E332}.Debug|Any CPU.ActiveCfg = Debug|Any CPU
		{897B285F-9483-4F21-AF4F-6EC8F675E332}.Debug|Any CPU.Build.0 = Debug|Any CPU
		{897B285F-9483-4F21-AF4F-6EC8F675E332}.Release|Any CPU.ActiveCfg = Release|Any CPU
		{897B285F-9483-4F21-AF4F-6EC8F675E332}.Release|Any CPU.Build.0 = Release|Any CPU
	EndGlobalSection
	GlobalSection(SolutionProperties) = preSolution
		HideSolutionNode = FALSE
	EndGlobalSection
	GlobalSection(ExtensibilityGlobals) = postSolution
		SolutionGuid = {8EBA22AF-73F1-410C-B59C-970ADBE0BA73}
	EndGlobalSection
EndGlobal
